
Microsoft Visual Studio Solution File, Format Version 12.00
# Visual Studio Version 16
VisualStudioVersion = 16.0.32002.261
MinimumVisualStudioVersion = 10.0.40219.1
Project("{FAE04EC0-301F-11D3-BF4B-00C04F79EFBC}") = "LP10", "LP10.csproj", "{DE25038E-669B-4E34-B06D-2517CCBF6E0A}"
EndProject
Global
	GlobalSection(SolutionConfigurationPlatforms) = preSolution
		Debug|Any CPU = Debug|Any CPU
		Release|Any CPU = Release|Any CPU
	EndGlobalSection
	GlobalSection(ProjectConfigurationPlatforms) = postSolution
		{DE25038E-669B-4E34-B06D-2517CCBF6E0A}.Debug|Any CPU.ActiveCfg = Debug|Any CPU
		{DE25038E-669B-4E34-B06D-2517CCBF6E0A}.Debug|Any CPU.Build.0 = Debug|Any CPU
		{DE25038E-669B-4E34-B06D-2517CCBF6E0A}.Release|Any CPU.ActiveCfg = Release|Any CPU
		{DE25038E-669B-4E34-B06D-2517CCBF6E0A}.Release|Any CPU.Build.0 = Release|Any CPU
	EndGlobalSection
	GlobalSection(SolutionProperties) = preSolution
		HideSolutionNode = FALSE
	EndGlobalSection
	GlobalSection(ExtensibilityGlobals) = postSolution
		SolutionGuid = {8EE5FE82-848C-44D0-AE8E-9197ED9850AF}
	EndGlobalSection
EndGlobal
